
Microsoft Visual Studio Solution File, Format Version 12.00
# Visual Studio Version 16
VisualStudioVersion = 16.0.810.17
MinimumVisualStudioVersion = 10.0.40219.1
Project("{FAE04EC0-301F-11D3-BF4B-00C04F79EFBC}") = "ooptional-parameters", "ooptional-parameters.csproj", "{0D406B45-13E6-4FDB-B940-200C4A294F39}"
EndProject
Global
	GlobalSection(SolutionConfigurationPlatforms) = preSolution
		Debug|Any CPU = Debug|Any CPU
		Release|Any CPU = Release|Any CPU
	EndGlobalSection
	GlobalSection(ProjectConfigurationPlatforms) = postSolution
		{0D406B45-13E6-4FDB-B940-200C4A294F39}.Debug|Any CPU.ActiveCfg = Debug|Any CPU
		{0D406B45-13E6-4FDB-B940-200C4A294F39}.Debug|Any CPU.Build.0 = Debug|Any CPU
		{0D406B45-13E6-4FDB-B940-200C4A294F39}.Release|Any CPU.ActiveCfg = Release|Any CPU
		{0D406B45-13E6-4FDB-B940-200C4A294F39}.Release|Any CPU.Build.0 = Release|Any CPU
	EndGlobalSection
	GlobalSection(SolutionProperties) = preSolution
		HideSolutionNode = FALSE
	EndGlobalSection
	GlobalSection(ExtensibilityGlobals) = postSolution
		SolutionGuid = {2A6B096B-40AD-43EC-9B90-B45A4010452D}
	EndGlobalSection
EndGlobal
